{
  "version": 4,
  "terraform_version": "1.5.2",
  "serial": 6,
  "lineage": "236a5a0e-571e-ef19-dede-1adba9520d2c",
  "outputs": {},
  "resources": [
    {
      "mode": "managed",
      "type": "google_compute_instance",
      "name": "default",
      "provider": "provider[\"registry.terraform.io/hashicorp/google\"]",
      "instances": [
        {
          "schema_version": 6,
          "attributes": {
            "advanced_machine_features": [],
            "allow_stopping_for_update": null,
            "attached_disk": [],
            "boot_disk": [
              {
                "auto_delete": true,
                "device_name": "persistent-disk-0",
                "disk_encryption_key_raw": "",
                "disk_encryption_key_sha256": "",
                "initialize_params": [
                  {
                    "image": "https://www.googleapis.com/compute/v1/projects/debian-cloud/global/images/debian-11-bullseye-v20230629",
                    "labels": {
                      "my_label": "value"
                    },
                    "resource_manager_tags": null,
                    "size": 10,
                    "type": "pd-standard"
                  }
                ],
                "kms_key_self_link": "",
                "mode": "READ_WRITE",
                "source": "https://www.googleapis.com/compute/v1/projects/empyrean-depth-391615/zones/asia-northeast1-b/disks/demo-terraform-instance"
              }
            ],
            "can_ip_forward": false,
            "confidential_instance_config": [],
            "cpu_platform": "Intel Broadwell",
            "current_status": "RUNNING",
            "deletion_protection": false,
            "description": "",
            "desired_status": null,
            "enable_display": false,
            "guest_accelerator": [],
            "hostname": "",
            "id": "projects/empyrean-depth-391615/zones/asia-northeast1-b/instances/demo-terraform-instance",
            "instance_id": "8189203202827880645",
            "label_fingerprint": "42WmSpB8rSM=",
            "labels": null,
            "machine_type": "e2-medium",
            "metadata": {
              "foo": "bar"
            },
            "metadata_fingerprint": "NKKxzFKiS6g=",
            "metadata_startup_script": "apt-get update -y \u0026\u0026 apt-get install - y nginx",
            "min_cpu_platform": "",
            "name": "demo-terraform-instance",
            "network_interface": [
              {
                "access_config": [
                  {
                    "nat_ip": "34.85.48.1",
                    "network_tier": "PREMIUM",
                    "public_ptr_domain_name": ""
                  }
                ],
                "alias_ip_range": [],
                "ipv6_access_config": [],
                "ipv6_access_type": "",
                "name": "nic0",
                "network": "https://www.googleapis.com/compute/v1/projects/empyrean-depth-391615/global/networks/default",
                "network_ip": "10.146.0.2",
                "nic_type": "",
                "queue_count": 0,
                "stack_type": "IPV4_ONLY",
                "subnetwork": "https://www.googleapis.com/compute/v1/projects/empyrean-depth-391615/regions/asia-northeast1/subnetworks/default",
                "subnetwork_project": "empyrean-depth-391615"
              }
            ],
            "network_performance_config": [],
            "params": [],
            "project": "empyrean-depth-391615",
            "reservation_affinity": [],
            "resource_policies": null,
            "scheduling": [
              {
                "automatic_restart": true,
                "instance_termination_action": "",
                "min_node_cpus": 0,
                "node_affinities": [],
                "on_host_maintenance": "MIGRATE",
                "preemptible": false,
                "provisioning_model": "STANDARD"
              }
            ],
            "scratch_disk": [],
            "self_link": "https://www.googleapis.com/compute/v1/projects/empyrean-depth-391615/zones/asia-northeast1-b/instances/demo-terraform-instance",
            "service_account": [
              {
                "email": "demo-gce-sa@empyrean-depth-391615.iam.gserviceaccount.com",
                "scopes": [
                  "https://www.googleapis.com/auth/cloud-platform"
                ]
              }
            ],
            "shielded_instance_config": [
              {
                "enable_integrity_monitoring": true,
                "enable_secure_boot": false,
                "enable_vtpm": true
              }
            ],
            "tags": [
              "http-serve"
            ],
            "tags_fingerprint": "bYtAIvAXv4Y=",
            "timeouts": null,
            "zone": "asia-northeast1-b"
          },
          "sensitive_attributes": [],
          "private": "eyJlMmJmYjczMC1lY2FhLTExZTYtOGY4OC0zNDM2M2JjN2M0YzAiOnsiY3JlYXRlIjoxMjAwMDAwMDAwMDAwLCJkZWxldGUiOjEyMDAwMDAwMDAwMDAsInVwZGF0ZSI6MTIwMDAwMDAwMDAwMH0sInNjaGVtYV92ZXJzaW9uIjoiNiJ9",
          "dependencies": [
            "google_service_account.default"
          ]
        }
      ]
    },
    {
      "mode": "managed",
      "type": "google_service_account",
      "name": "default",
      "provider": "provider[\"registry.terraform.io/hashicorp/google\"]",
      "instances": [
        {
          "schema_version": 0,
          "attributes": {
            "account_id": "demo-gce-sa",
            "description": "",
            "disabled": false,
            "display_name": "Service Account for Demo",
            "email": "demo-gce-sa@empyrean-depth-391615.iam.gserviceaccount.com",
            "id": "projects/empyrean-depth-391615/serviceAccounts/demo-gce-sa@empyrean-depth-391615.iam.gserviceaccount.com",
            "member": "serviceAccount:demo-gce-sa@empyrean-depth-391615.iam.gserviceaccount.com",
            "name": "projects/empyrean-depth-391615/serviceAccounts/demo-gce-sa@empyrean-depth-391615.iam.gserviceaccount.com",
            "project": "empyrean-depth-391615",
            "timeouts": null,
            "unique_id": "106837051413123212954"
          },
          "sensitive_attributes": [],
          "private": "eyJlMmJmYjczMC1lY2FhLTExZTYtOGY4OC0zNDM2M2JjN2M0YzAiOnsiY3JlYXRlIjozMDAwMDAwMDAwMDB9fQ=="
        }
      ]
    }
  ],
  "check_results": null
}
